// !$*UTF8*$!
{
	archiveVersion = 1;
	classes = {
	};
	objectVersion = 56;
	objects = {

/* Begin PBXBuildFile section */
		85C03D7CF2D47724949EA05F /* Cocoa.framework in Frameworks */ = {isa = PBXBuildFile; fileRef = D57AA9E1A5E3E5C6ED5E9CDC /* Cocoa.framework */; };
		A59751F2C0DC2F523BDCF5B6 /* ClipboardItemTests.swift in Sources */ = {isa = PBXBuildFile; fileRef = 4968B0D06F35B2362E7B8C7B /* ClipboardItemTests.swift */; };
		AAA00001 /* BufferApp.swift in Sources */ = {isa = PBXBuildFile; fileRef = BBB00001 /* BufferApp.swift */; };
		AAA00002 /* AppDelegate.swift in Sources */ = {isa = PBXBuildFile; fileRef = BBB00002 /* AppDelegate.swift */; };
		AAA00003 /* ClipboardItem.swift in Sources */ = {isa = PBXBuildFile; fileRef = BBB00003 /* ClipboardItem.swift */; };
		AAA00004 /* ClipboardWatcher.swift in Sources */ = {isa = PBXBuildFile; fileRef = BBB00004 /* ClipboardWatcher.swift */; };
		AAA00005 /* ClipboardStore.swift in Sources */ = {isa = PBXBuildFile; fileRef = BBB00005 /* ClipboardStore.swift */; };
		AAA00006 /* HotkeyManager.swift in Sources */ = {isa = PBXBuildFile; fileRef = BBB00006 /* HotkeyManager.swift */; };
		AAA00007 /* PasteController.swift in Sources */ = {isa = PBXBuildFile; fileRef = BBB00007 /* PasteController.swift */; };
		AAA00012 /* StatusBarController.swift in Sources */ = {isa = PBXBuildFile; fileRef = BBB00012 /* StatusBarController.swift */; };
		AAA00013 /* SettingsManager.swift in Sources */ = {isa = PBXBuildFile; fileRef = BBB00015 /* SettingsManager.swift */; };
		AAA00014 /* SettingsView.swift in Sources */ = {isa = PBXBuildFile; fileRef = BBB00016 /* SettingsView.swift */; };
		AAA00015 /* OCRService.swift in Sources */ = {isa = PBXBuildFile; fileRef = BBB00017 /* OCRService.swift */; };
		AAA00016 /* TagChip.swift in Sources */ = {isa = PBXBuildFile; fileRef = BBB00018 /* TagChip.swift */; };
		AAA00017 /* UpdateService.swift in Sources */ = {isa = PBXBuildFile; fileRef = BBB00019 /* UpdateService.swift */; };
		D87736122F8ECC6B00392A0B /* ClickDetector.swift in Sources */ = {isa = PBXBuildFile; fileRef = D87736112F8ECC6B00392A0B /* ClickDetector.swift */; };
		AAA00020 /* PasteButton.swift in Sources */ = {isa = PBXBuildFile; fileRef = BBB00020 /* PasteButton.swift */; };
		AF8CF958F8AA35FBFD97402A /* SwiftUI.framework in Frameworks */ = {isa = PBXBuildFile; fileRef = 0F2EC35FC257D78C02CF032E /* SwiftUI.framework */; };
		AC3DF6ECA58A708274822520 /* Carbon.framework in Frameworks */ = {isa = PBXBuildFile; fileRef = 319D0CEDD498100F4DA6A4E2 /* Carbon.framework */; };
		06843B44734687CAEB469631 /* Vision.framework in Frameworks */ = {isa = PBXBuildFile; fileRef = D4D62C2C785B9A4F89209F1B /* Vision.framework */; };
		86C417B3D25C05B6DDC487E7 /* Quartz.framework in Frameworks */ = {isa = PBXBuildFile; fileRef = ED55E27D23123FDF969ECB29 /* Quartz.framework */; };
		D3121D706B6CB1CFEBA16AF6 /* QuickLookThumbnailing.framework in Frameworks */ = {isa = PBXBuildFile; fileRef = 4C27C9E4DF3F529BABC67102 /* QuickLookThumbnailing.framework */; };
		8EE29C2012F92764D822C99F /* ContentKind.swift in Sources */ = {isa = PBXBuildFile; fileRef = 128BBF04E112230D4C6187D1 /* ContentKind.swift */; };
		A9A742CF75BF4F580EA140C7 /* FileAttachment.swift in Sources */ = {isa = PBXBuildFile; fileRef = BAFCDCEBFCF01E4A0C41E3C3 /* FileAttachment.swift */; };
		C79B9B200101EC8BE6E365F2 /* Folder.swift in Sources */ = {isa = PBXBuildFile; fileRef = 6E8FD095F6F74BDC933D81FB /* Folder.swift */; };
		F69CC315C73F078408DAC18A /* KeyBinding.swift in Sources */ = {isa = PBXBuildFile; fileRef = 3B1BBD8678EED7376C36114F /* KeyBinding.swift */; };
		FA521F3E022C01EA344140CE /* ContentDetector.swift in Sources */ = {isa = PBXBuildFile; fileRef = 9BCA595BCDB2590748970DA2 /* ContentDetector.swift */; };
		5BB575A7C9FD3AE76CB2F571 /* PermissionsState.swift in Sources */ = {isa = PBXBuildFile; fileRef = CA00D147AE2F2208BD020E46 /* PermissionsState.swift */; };
		C35E33F2DB81C3F8DB58EEAF /* ShortcutManager.swift in Sources */ = {isa = PBXBuildFile; fileRef = 21E1603736DA17D63541CE68 /* ShortcutManager.swift */; };
		DC390E88E058A4F3A717F5D3 /* ActionBar.swift in Sources */ = {isa = PBXBuildFile; fileRef = B61B1E7C479B6DA86B9D6310 /* ActionBar.swift */; };
		977598CEAFAC77ABEDAD3F62 /* ArraySafe.swift in Sources */ = {isa = PBXBuildFile; fileRef = 9DCC49EC6A8928F3B9BAE61D /* ArraySafe.swift */; };
		0B3515BB27D77CCE1B731FC5 /* ChunkedTextState.swift in Sources */ = {isa = PBXBuildFile; fileRef = 66F388D7073590FC59A2AFFC /* ChunkedTextState.swift */; };
		A5B7CEE96D78176B8062793F /* ClipList.swift in Sources */ = {isa = PBXBuildFile; fileRef = A125C63F0EE1DD9B68658CA7 /* ClipList.swift */; };
		BBFB1BB2CC9CCBAAE85EED18 /* ClipRow.swift in Sources */ = {isa = PBXBuildFile; fileRef = 56985192746D3C34220D141B /* ClipRow.swift */; };
		474416E40FD23BAA4F54D104 /* ColorSwatchParser.swift in Sources */ = {isa = PBXBuildFile; fileRef = 23AC69300EFA8AEF469CC755 /* ColorSwatchParser.swift */; };
		690AAC07E2700A58F333FB2D /* FilterChipBar.swift in Sources */ = {isa = PBXBuildFile; fileRef = 7A8B808B5F3A185604534119 /* FilterChipBar.swift */; };
		1BDF36426E6BDB68D03D02B2 /* FilterState.swift in Sources */ = {isa = PBXBuildFile; fileRef = 0FB95E90FBFA0C23B311D6E3 /* FilterState.swift */; };
		1A993D6B6840252D8B940041 /* FolderPrompts.swift in Sources */ = {isa = PBXBuildFile; fileRef = 27B324691D6540E76D3A274A /* FolderPrompts.swift */; };
		26547B814E338082C5C40A79 /* GlobalKeyMonitor.swift in Sources */ = {isa = PBXBuildFile; fileRef = 91F00F3567BEF455D3F17186 /* GlobalKeyMonitor.swift */; };
		E6DEC746D551C2CF2DFE27F8 /* HistoryContentView.swift in Sources */ = {isa = PBXBuildFile; fileRef = EE4BAB42007A999F9E6BBC98 /* HistoryContentView.swift */; };
		9562C89B927C35DA7085A49B /* HistoryPanel.swift in Sources */ = {isa = PBXBuildFile; fileRef = 1746B17D3321897BA177C8A2 /* HistoryPanel.swift */; };
		D33FA53094D9B00187C5F77F /* HistoryViewModel.swift in Sources */ = {isa = PBXBuildFile; fileRef = C3D7F7025DE46A2453978DD9 /* HistoryViewModel.swift */; };
		F25D6C9BF2F8A2C90DA84C24 /* HistoryWindowController.swift in Sources */ = {isa = PBXBuildFile; fileRef = CC7C15E94AF4BEDCA95109EA /* HistoryWindowController.swift */; };
		7182F18F71F88D0DD03891E4 /* ItemKindDisplay.swift in Sources */ = {isa = PBXBuildFile; fileRef = B779C03E5739D19445887BF3 /* ItemKindDisplay.swift */; };
		83AF974D6CC5FDDE70EED848 /* MultiSelectionSummary.swift in Sources */ = {isa = PBXBuildFile; fileRef = 0381F350E4CADF3713B37AA8 /* MultiSelectionSummary.swift */; };
		BB1E95D1B072691AD4008B6B /* Notifications.swift in Sources */ = {isa = PBXBuildFile; fileRef = 8CA05056818E98067EE17BD6 /* Notifications.swift */; };
		B4E4617D8F2515532C878E30 /* PanelResizer.swift in Sources */ = {isa = PBXBuildFile; fileRef = F27EF431893544A75BDF61AF /* PanelResizer.swift */; };
		FCBDD7EFEB494F6DD1297B9D /* PreviewPane.swift in Sources */ = {isa = PBXBuildFile; fileRef = 4493F408DE06075CE9D03589 /* PreviewPane.swift */; };
		2EC336BDF2DF8BF833FD73BC /* PromptCard.swift in Sources */ = {isa = PBXBuildFile; fileRef = 65860DDF5D17EB32049B930B /* PromptCard.swift */; };
		5C60F07C55D0C52890E6BFB8 /* RelativeTimestampView.swift in Sources */ = {isa = PBXBuildFile; fileRef = 136612209859DBE08D6BE459 /* RelativeTimestampView.swift */; };
		768435DEFFD63F42B4265B1C /* RowContextMenu.swift in Sources */ = {isa = PBXBuildFile; fileRef = D02160D1EECC3BB99DED3DE4 /* RowContextMenu.swift */; };
		8278944998C1068E2E82FCA9 /* SearchBar.swift in Sources */ = {isa = PBXBuildFile; fileRef = 669EFBB0D310AC04BE870A40 /* SearchBar.swift */; };
		C3C2EFDEF2B7091B8292F971 /* Sidebar.swift in Sources */ = {isa = PBXBuildFile; fileRef = 1E44FC6EF08FD7B5E2F47076 /* Sidebar.swift */; };
		0D4FFB1F257880999E4D20C2 /* TagAutocompleteBar.swift in Sources */ = {isa = PBXBuildFile; fileRef = 0D0BE7C989A1A47C15D9F9C5 /* TagAutocompleteBar.swift */; };
		433AB44EFB8232BEF286F2EC /* TagSection.swift in Sources */ = {isa = PBXBuildFile; fileRef = 74DCD0172BE1E2BDB3D5651C /* TagSection.swift */; };
		EE69548FB5ED0AA9E5CC4DA9 /* AccessibilityToast.swift in Sources */ = {isa = PBXBuildFile; fileRef = 17C2DEC3F7E8C51E7844FB93 /* AccessibilityToast.swift */; };
		D235DC88EB826049050AEC25 /* OnboardingView.swift in Sources */ = {isa = PBXBuildFile; fileRef = 7165FA98C6095427C86BCCB4 /* OnboardingView.swift */; };
		81F948D3C40C71F4566C709B /* PermissionsView.swift in Sources */ = {isa = PBXBuildFile; fileRef = 78628BD2A5E5401F0AF9E48C /* PermissionsView.swift */; };
		7E17F981685A32E345ED782E /* HotkeyRecorder.swift in Sources */ = {isa = PBXBuildFile; fileRef = 444A289530F1E70F120E9315 /* HotkeyRecorder.swift */; };
		0C09456DF44C2976DB67B301 /* ShortcutsTab.swift in Sources */ = {isa = PBXBuildFile; fileRef = 35C6097CD82BD74B33E36315 /* ShortcutsTab.swift */; };
		A0BB00AE35E548041987F22D /* Appearance.swift in Sources */ = {isa = PBXBuildFile; fileRef = 11B3A05BF54CE9488FB6C6BD /* Appearance.swift */; };
		231581D50C2A6761D3039DC6 /* FontScale.swift in Sources */ = {isa = PBXBuildFile; fileRef = 016E8671183BC7BA521CEE7D /* FontScale.swift */; };
		C443DDE631D13C58313E2F00 /* Theme.swift in Sources */ = {isa = PBXBuildFile; fileRef = A5E51D3EFCFC3E830351CF97 /* Theme.swift */; };
		28979D2569F6C82BEDE0C12A /* HistoryViewModel+Lock.swift in Sources */ = {isa = PBXBuildFile; fileRef = 471DA497C864DED66B8F565A /* HistoryViewModel+Lock.swift */; };
		D11B8D69FC483851BA98E0E7 /* Toast.swift in Sources */ = {isa = PBXBuildFile; fileRef = FCE0254BB77CF0DA7EBA6DB8 /* Toast.swift */; };
		884F26772F4BD7C60F380A33 /* DragDrop.swift in Sources */ = {isa = PBXBuildFile; fileRef = 53A61AB0062A12773CCEBA63 /* DragDrop.swift */; };
		0895CB6C31F07891B1AA9270 /* FilePreview.swift in Sources */ = {isa = PBXBuildFile; fileRef = 57362FA3827E0B51C917DCC8 /* FilePreview.swift */; };
		B71FB4F3ED2547CD62F3BB9E /* HistoryViewModel+Files.swift in Sources */ = {isa = PBXBuildFile; fileRef = 1483F6B905BDDB7A85B066AA /* HistoryViewModel+Files.swift */; };
		30B8521EABF195DBA743E265 /* HistoryViewModel+Folders.swift in Sources */ = {isa = PBXBuildFile; fileRef = 47A10955400EBE5FEE3C4CB9 /* HistoryViewModel+Folders.swift */; };
		5F4C640276CE69AF0918C862 /* HistoryViewModel+Shortcuts.swift in Sources */ = {isa = PBXBuildFile; fileRef = 06B8D3DFF6742AF6DD334273 /* HistoryViewModel+Shortcuts.swift */; };
		F98CC5EA3333E08542C07B53 /* PasteboardFlavors.swift in Sources */ = {isa = PBXBuildFile; fileRef = 08370ACDDE3F89166CCA7642 /* PasteboardFlavors.swift */; };
		F46E13F8FD2BE823669ED78B /* HistoryViewModel+Paste.swift in Sources */ = {isa = PBXBuildFile; fileRef = EC3A99ECEC67DA2B442C6562 /* HistoryViewModel+Paste.swift */; };
/* End PBXBuildFile section */

/* Begin PBXContainerItemProxy section */
		63437C035E543E23E2D29727 /* PBXContainerItemProxy */ = {
			isa = PBXContainerItemProxy;
			containerPortal = GGG00001 /* Project object */;
			proxyType = 1;
			remoteGlobalIDString = EEE00001;
			remoteInfo = Buffer;
		};
/* End PBXContainerItemProxy section */

/* Begin PBXFileReference section */
		4968B0D06F35B2362E7B8C7B /* ClipboardItemTests.swift */ = {isa = PBXFileReference; includeInIndex = 1; lastKnownFileType = sourcecode.swift; path = ClipboardItemTests.swift; sourceTree = "<group>"; };
		BBB00000 /* Klip.app */ = {isa = PBXFileReference; explicitFileType = wrapper.application; includeInIndex = 0; path = Klip.app; sourceTree = BUILT_PRODUCTS_DIR; };
		BBB00001 /* BufferApp.swift */ = {isa = PBXFileReference; lastKnownFileType = sourcecode.swift; path = BufferApp.swift; sourceTree = "<group>"; };
		BBB00002 /* AppDelegate.swift */ = {isa = PBXFileReference; lastKnownFileType = sourcecode.swift; path = AppDelegate.swift; sourceTree = "<group>"; };
		BBB00003 /* ClipboardItem.swift */ = {isa = PBXFileReference; lastKnownFileType = sourcecode.swift; path = ClipboardItem.swift; sourceTree = "<group>"; };
		BBB00004 /* ClipboardWatcher.swift */ = {isa = PBXFileReference; lastKnownFileType = sourcecode.swift; path = ClipboardWatcher.swift; sourceTree = "<group>"; };
		BBB00005 /* ClipboardStore.swift */ = {isa = PBXFileReference; lastKnownFileType = sourcecode.swift; path = ClipboardStore.swift; sourceTree = "<group>"; };
		BBB00006 /* HotkeyManager.swift */ = {isa = PBXFileReference; lastKnownFileType = sourcecode.swift; path = HotkeyManager.swift; sourceTree = "<group>"; };
		BBB00007 /* PasteController.swift */ = {isa = PBXFileReference; lastKnownFileType = sourcecode.swift; path = PasteController.swift; sourceTree = "<group>"; };
		BBB00012 /* StatusBarController.swift */ = {isa = PBXFileReference; lastKnownFileType = sourcecode.swift; path = StatusBarController.swift; sourceTree = "<group>"; };
		BBB00013 /* Info.plist */ = {isa = PBXFileReference; lastKnownFileType = text.plist.xml; path = Info.plist; sourceTree = "<group>"; };
		BBB00014 /* Klip.entitlements */ = {isa = PBXFileReference; lastKnownFileType = text.plist.entitlements; path = Klip.entitlements; sourceTree = "<group>"; };
		BBB00015 /* SettingsManager.swift */ = {isa = PBXFileReference; lastKnownFileType = sourcecode.swift; path = SettingsManager.swift; sourceTree = "<group>"; };
		BBB00016 /* SettingsView.swift */ = {isa = PBXFileReference; lastKnownFileType = sourcecode.swift; path = SettingsView.swift; sourceTree = "<group>"; };
		BBB00017 /* OCRService.swift */ = {isa = PBXFileReference; lastKnownFileType = sourcecode.swift; path = OCRService.swift; sourceTree = "<group>"; };
		BBB00018 /* TagChip.swift */ = {isa = PBXFileReference; lastKnownFileType = sourcecode.swift; path = TagChip.swift; sourceTree = "<group>"; };
		BBB00019 /* UpdateService.swift */ = {isa = PBXFileReference; lastKnownFileType = sourcecode.swift; path = UpdateService.swift; sourceTree = "<group>"; };
		D57AA9E1A5E3E5C6ED5E9CDC /* Cocoa.framework */ = {isa = PBXFileReference; lastKnownFileType = wrapper.framework; name = Cocoa.framework; path = Platforms/MacOSX.platform/Developer/SDKs/MacOSX15.0.sdk/System/Library/Frameworks/Cocoa.framework; sourceTree = DEVELOPER_DIR; };
		D87736112F8ECC6B00392A0B /* ClickDetector.swift */ = {isa = PBXFileReference; lastKnownFileType = sourcecode.swift; path = ClickDetector.swift; sourceTree = "<group>"; };
		BBB00020 /* PasteButton.swift */ = {isa = PBXFileReference; lastKnownFileType = sourcecode.swift; path = PasteButton.swift; sourceTree = "<group>"; };
		EB5F7ACF8D07ACEDB0B7217E /* BufferTests.xctest */ = {isa = PBXFileReference; explicitFileType = wrapper.cfbundle; includeInIndex = 0; path = BufferTests.xctest; sourceTree = BUILT_PRODUCTS_DIR; };
		0F2EC35FC257D78C02CF032E /* SwiftUI.framework */ = {isa = PBXFileReference; lastKnownFileType = wrapper.framework; name = SwiftUI.framework; path = System/Library/Frameworks/SwiftUI.framework; sourceTree = SDKROOT; };
		319D0CEDD498100F4DA6A4E2 /* Carbon.framework */ = {isa = PBXFileReference; lastKnownFileType = wrapper.framework; name = Carbon.framework; path = System/Library/Frameworks/Carbon.framework; sourceTree = SDKROOT; };
		D4D62C2C785B9A4F89209F1B /* Vision.framework */ = {isa = PBXFileReference; lastKnownFileType = wrapper.framework; name = Vision.framework; path = System/Library/Frameworks/Vision.framework; sourceTree = SDKROOT; };
		ED55E27D23123FDF969ECB29 /* Quartz.framework */ = {isa = PBXFileReference; lastKnownFileType = wrapper.framework; name = Quartz.framework; path = System/Library/Frameworks/Quartz.framework; sourceTree = SDKROOT; };
		4C27C9E4DF3F529BABC67102 /* QuickLookThumbnailing.framework */ = {isa = PBXFileReference; lastKnownFileType = wrapper.framework; name = QuickLookThumbnailing.framework; path = System/Library/Frameworks/QuickLookThumbnailing.framework; sourceTree = SDKROOT; };
		128BBF04E112230D4C6187D1 /* ContentKind.swift */ = {isa = PBXFileReference; lastKnownFileType = sourcecode.swift; path = ContentKind.swift; sourceTree = "<group>"; };
		BAFCDCEBFCF01E4A0C41E3C3 /* FileAttachment.swift */ = {isa = PBXFileReference; lastKnownFileType = sourcecode.swift; path = FileAttachment.swift; sourceTree = "<group>"; };
		6E8FD095F6F74BDC933D81FB /* Folder.swift */ = {isa = PBXFileReference; lastKnownFileType = sourcecode.swift; path = Folder.swift; sourceTree = "<group>"; };
		3B1BBD8678EED7376C36114F /* KeyBinding.swift */ = {isa = PBXFileReference; lastKnownFileType = sourcecode.swift; path = KeyBinding.swift; sourceTree = "<group>"; };
		9BCA595BCDB2590748970DA2 /* ContentDetector.swift */ = {isa = PBXFileReference; lastKnownFileType = sourcecode.swift; path = ContentDetector.swift; sourceTree = "<group>"; };
		CA00D147AE2F2208BD020E46 /* PermissionsState.swift */ = {isa = PBXFileReference; lastKnownFileType = sourcecode.swift; path = PermissionsState.swift; sourceTree = "<group>"; };
		21E1603736DA17D63541CE68 /* ShortcutManager.swift */ = {isa = PBXFileReference; lastKnownFileType = sourcecode.swift; path = ShortcutManager.swift; sourceTree = "<group>"; };
		B61B1E7C479B6DA86B9D6310 /* ActionBar.swift */ = {isa = PBXFileReference; lastKnownFileType = sourcecode.swift; path = ActionBar.swift; sourceTree = "<group>"; };
		9DCC49EC6A8928F3B9BAE61D /* ArraySafe.swift */ = {isa = PBXFileReference; lastKnownFileType = sourcecode.swift; path = ArraySafe.swift; sourceTree = "<group>"; };
		66F388D7073590FC59A2AFFC /* ChunkedTextState.swift */ = {isa = PBXFileReference; lastKnownFileType = sourcecode.swift; path = ChunkedTextState.swift; sourceTree = "<group>"; };
		A125C63F0EE1DD9B68658CA7 /* ClipList.swift */ = {isa = PBXFileReference; lastKnownFileType = sourcecode.swift; path = ClipList.swift; sourceTree = "<group>"; };
		56985192746D3C34220D141B /* ClipRow.swift */ = {isa = PBXFileReference; lastKnownFileType = sourcecode.swift; path = ClipRow.swift; sourceTree = "<group>"; };
		23AC69300EFA8AEF469CC755 /* ColorSwatchParser.swift */ = {isa = PBXFileReference; lastKnownFileType = sourcecode.swift; path = ColorSwatchParser.swift; sourceTree = "<group>"; };
		7A8B808B5F3A185604534119 /* FilterChipBar.swift */ = {isa = PBXFileReference; lastKnownFileType = sourcecode.swift; path = FilterChipBar.swift; sourceTree = "<group>"; };
		0FB95E90FBFA0C23B311D6E3 /* FilterState.swift */ = {isa = PBXFileReference; lastKnownFileType = sourcecode.swift; path = FilterState.swift; sourceTree = "<group>"; };
		27B324691D6540E76D3A274A /* FolderPrompts.swift */ = {isa = PBXFileReference; lastKnownFileType = sourcecode.swift; path = FolderPrompts.swift; sourceTree = "<group>"; };
		91F00F3567BEF455D3F17186 /* GlobalKeyMonitor.swift */ = {isa = PBXFileReference; lastKnownFileType = sourcecode.swift; path = GlobalKeyMonitor.swift; sourceTree = "<group>"; };
		EE4BAB42007A999F9E6BBC98 /* HistoryContentView.swift */ = {isa = PBXFileReference; lastKnownFileType = sourcecode.swift; path = HistoryContentView.swift; sourceTree = "<group>"; };
		1746B17D3321897BA177C8A2 /* HistoryPanel.swift */ = {isa = PBXFileReference; lastKnownFileType = sourcecode.swift; path = HistoryPanel.swift; sourceTree = "<group>"; };
		C3D7F7025DE46A2453978DD9 /* HistoryViewModel.swift */ = {isa = PBXFileReference; lastKnownFileType = sourcecode.swift; path = HistoryViewModel.swift; sourceTree = "<group>"; };
		CC7C15E94AF4BEDCA95109EA /* HistoryWindowController.swift */ = {isa = PBXFileReference; lastKnownFileType = sourcecode.swift; path = HistoryWindowController.swift; sourceTree = "<group>"; };
		B779C03E5739D19445887BF3 /* ItemKindDisplay.swift */ = {isa = PBXFileReference; lastKnownFileType = sourcecode.swift; path = ItemKindDisplay.swift; sourceTree = "<group>"; };
		0381F350E4CADF3713B37AA8 /* MultiSelectionSummary.swift */ = {isa = PBXFileReference; lastKnownFileType = sourcecode.swift; path = MultiSelectionSummary.swift; sourceTree = "<group>"; };
		8CA05056818E98067EE17BD6 /* Notifications.swift */ = {isa = PBXFileReference; lastKnownFileType = sourcecode.swift; path = Notifications.swift; sourceTree = "<group>"; };
		F27EF431893544A75BDF61AF /* PanelResizer.swift */ = {isa = PBXFileReference; lastKnownFileType = sourcecode.swift; path = PanelResizer.swift; sourceTree = "<group>"; };
		4493F408DE06075CE9D03589 /* PreviewPane.swift */ = {isa = PBXFileReference; lastKnownFileType = sourcecode.swift; path = PreviewPane.swift; sourceTree = "<group>"; };
		65860DDF5D17EB32049B930B /* PromptCard.swift */ = {isa = PBXFileReference; lastKnownFileType = sourcecode.swift; path = PromptCard.swift; sourceTree = "<group>"; };
		136612209859DBE08D6BE459 /* RelativeTimestampView.swift */ = {isa = PBXFileReference; lastKnownFileType = sourcecode.swift; path = RelativeTimestampView.swift; sourceTree = "<group>"; };
		D02160D1EECC3BB99DED3DE4 /* RowContextMenu.swift */ = {isa = PBXFileReference; lastKnownFileType = sourcecode.swift; path = RowContextMenu.swift; sourceTree = "<group>"; };
		669EFBB0D310AC04BE870A40 /* SearchBar.swift */ = {isa = PBXFileReference; lastKnownFileType = sourcecode.swift; path = SearchBar.swift; sourceTree = "<group>"; };
		1E44FC6EF08FD7B5E2F47076 /* Sidebar.swift */ = {isa = PBXFileReference; lastKnownFileType = sourcecode.swift; path = Sidebar.swift; sourceTree = "<group>"; };
		0D0BE7C989A1A47C15D9F9C5 /* TagAutocompleteBar.swift */ = {isa = PBXFileReference; lastKnownFileType = sourcecode.swift; path = TagAutocompleteBar.swift; sourceTree = "<group>"; };
		74DCD0172BE1E2BDB3D5651C /* TagSection.swift */ = {isa = PBXFileReference; lastKnownFileType = sourcecode.swift; path = TagSection.swift; sourceTree = "<group>"; };
		17C2DEC3F7E8C51E7844FB93 /* AccessibilityToast.swift */ = {isa = PBXFileReference; lastKnownFileType = sourcecode.swift; path = AccessibilityToast.swift; sourceTree = "<group>"; };
		7165FA98C6095427C86BCCB4 /* OnboardingView.swift */ = {isa = PBXFileReference; lastKnownFileType = sourcecode.swift; path = OnboardingView.swift; sourceTree = "<group>"; };
		78628BD2A5E5401F0AF9E48C /* PermissionsView.swift */ = {isa = PBXFileReference; lastKnownFileType = sourcecode.swift; path = PermissionsView.swift; sourceTree = "<group>"; };
		444A289530F1E70F120E9315 /* HotkeyRecorder.swift */ = {isa = PBXFileReference; lastKnownFileType = sourcecode.swift; path = HotkeyRecorder.swift; sourceTree = "<group>"; };
		35C6097CD82BD74B33E36315 /* ShortcutsTab.swift */ = {isa = PBXFileReference; lastKnownFileType = sourcecode.swift; path = ShortcutsTab.swift; sourceTree = "<group>"; };
		11B3A05BF54CE9488FB6C6BD /* Appearance.swift */ = {isa = PBXFileReference; lastKnownFileType = sourcecode.swift; path = Appearance.swift; sourceTree = "<group>"; };
		016E8671183BC7BA521CEE7D /* FontScale.swift */ = {isa = PBXFileReference; lastKnownFileType = sourcecode.swift; path = FontScale.swift; sourceTree = "<group>"; };
		A5E51D3EFCFC3E830351CF97 /* Theme.swift */ = {isa = PBXFileReference; lastKnownFileType = sourcecode.swift; path = Theme.swift; sourceTree = "<group>"; };
		471DA497C864DED66B8F565A /* HistoryViewModel+Lock.swift */ = {isa = PBXFileReference; lastKnownFileType = sourcecode.swift; path = "HistoryViewModel+Lock.swift"; sourceTree = "<group>"; };
		FCE0254BB77CF0DA7EBA6DB8 /* Toast.swift */ = {isa = PBXFileReference; lastKnownFileType = sourcecode.swift; path = Toast.swift; sourceTree = "<group>"; };
		53A61AB0062A12773CCEBA63 /* DragDrop.swift */ = {isa = PBXFileReference; lastKnownFileType = sourcecode.swift; path = DragDrop.swift; sourceTree = "<group>"; };
		57362FA3827E0B51C917DCC8 /* FilePreview.swift */ = {isa = PBXFileReference; lastKnownFileType = sourcecode.swift; path = FilePreview.swift; sourceTree = "<group>"; };
		1483F6B905BDDB7A85B066AA /* HistoryViewModel+Files.swift */ = {isa = PBXFileReference; lastKnownFileType = sourcecode.swift; path = "HistoryViewModel+Files.swift"; sourceTree = "<group>"; };
		47A10955400EBE5FEE3C4CB9 /* HistoryViewModel+Folders.swift */ = {isa = PBXFileReference; lastKnownFileType = sourcecode.swift; path = "HistoryViewModel+Folders.swift"; sourceTree = "<group>"; };
		06B8D3DFF6742AF6DD334273 /* HistoryViewModel+Shortcuts.swift */ = {isa = PBXFileReference; lastKnownFileType = sourcecode.swift; path = "HistoryViewModel+Shortcuts.swift"; sourceTree = "<group>"; };
		08370ACDDE3F89166CCA7642 /* PasteboardFlavors.swift */ = {isa = PBXFileReference; lastKnownFileType = sourcecode.swift; path = PasteboardFlavors.swift; sourceTree = "<group>"; };
		EC3A99ECEC67DA2B442C6562 /* HistoryViewModel+Paste.swift */ = {isa = PBXFileReference; lastKnownFileType = sourcecode.swift; path = "HistoryViewModel+Paste.swift"; sourceTree = "<group>"; };
/* End PBXFileReference section */

/* Begin PBXFrameworksBuildPhase section */
		C38C749DFF6F5D25F117BC95 /* Frameworks */ = {
			isa = PBXFrameworksBuildPhase;
			buildActionMask = 2147483647;
			files = (
				85C03D7CF2D47724949EA05F /* Cocoa.framework in Frameworks */,
			);
			runOnlyForDeploymentPostprocessing = 0;
		};
		CCC00001 /* Frameworks */ = {
			isa = PBXFrameworksBuildPhase;
			buildActionMask = 2147483647;
			files = (
				AF8CF958F8AA35FBFD97402A /* SwiftUI.framework in Frameworks */,
				AC3DF6ECA58A708274822520 /* Carbon.framework in Frameworks */,
				06843B44734687CAEB469631 /* Vision.framework in Frameworks */,
				86C417B3D25C05B6DDC487E7 /* Quartz.framework in Frameworks */,
				D3121D706B6CB1CFEBA16AF6 /* QuickLookThumbnailing.framework in Frameworks */,
			);
			runOnlyForDeploymentPostprocessing = 0;
		};
/* End PBXFrameworksBuildPhase section */

/* Begin PBXGroup section */
		018E7AC5A0733138F1AD70FC /* OS X */ = {
			isa = PBXGroup;
			children = (
				D57AA9E1A5E3E5C6ED5E9CDC /* Cocoa.framework */,
				0F2EC35FC257D78C02CF032E /* SwiftUI.framework */,
				319D0CEDD498100F4DA6A4E2 /* Carbon.framework */,
				D4D62C2C785B9A4F89209F1B /* Vision.framework */,
				ED55E27D23123FDF969ECB29 /* Quartz.framework */,
				4C27C9E4DF3F529BABC67102 /* QuickLookThumbnailing.framework */,
			);
			name = "OS X";
			sourceTree = "<group>";
		};
		24F0BCE63691F302E92A44C2 /* Frameworks */ = {
			isa = PBXGroup;
			children = (
				018E7AC5A0733138F1AD70FC /* OS X */,
			);
			name = Frameworks;
			sourceTree = "<group>";
		};
		494C8BEB5CD3C12F9F01766E /* BufferTests */ = {
			isa = PBXGroup;
			children = (
				4968B0D06F35B2362E7B8C7B /* ClipboardItemTests.swift */,
			);
			name = BufferTests;
			path = BufferTests;
			sourceTree = "<group>";
		};
		DDD00000 = {
			isa = PBXGroup;
			children = (
				DDD00001 /* Buffer */,
				DDD00005 /* Products */,
				24F0BCE63691F302E92A44C2 /* Frameworks */,
				494C8BEB5CD3C12F9F01766E /* BufferTests */,
			);
			sourceTree = "<group>";
		};
		DDD00001 /* Buffer */ = {
			isa = PBXGroup;
			children = (
				BBB00001 /* BufferApp.swift */,
				BBB00002 /* AppDelegate.swift */,
				DDD00002 /* Models */,
				DDD00003 /* Services */,
				DDD00004 /* Views */,
				BBB00013 /* Info.plist */,
				BBB00014 /* Klip.entitlements */,
			);
			name = Buffer;
			path = .;
			sourceTree = "<group>";
		};
		DDD00002 /* Models */ = {
			isa = PBXGroup;
			children = (
				BBB00003 /* ClipboardItem.swift */,
				128BBF04E112230D4C6187D1 /* ContentKind.swift */,
				BAFCDCEBFCF01E4A0C41E3C3 /* FileAttachment.swift */,
				6E8FD095F6F74BDC933D81FB /* Folder.swift */,
				3B1BBD8678EED7376C36114F /* KeyBinding.swift */,
			);
			path = Models;
			sourceTree = "<group>";
		};
		DDD00003 /* Services */ = {
			isa = PBXGroup;
			children = (
				BBB00004 /* ClipboardWatcher.swift */,
				BBB00005 /* ClipboardStore.swift */,
				BBB00006 /* HotkeyManager.swift */,
				BBB00007 /* PasteController.swift */,
				BBB00015 /* SettingsManager.swift */,
				BBB00017 /* OCRService.swift */,
				BBB00019 /* UpdateService.swift */,
				9BCA595BCDB2590748970DA2 /* ContentDetector.swift */,
				CA00D147AE2F2208BD020E46 /* PermissionsState.swift */,
				21E1603736DA17D63541CE68 /* ShortcutManager.swift */,
				08370ACDDE3F89166CCA7642 /* PasteboardFlavors.swift */,
			);
			path = Services;
			sourceTree = "<group>";
		};
		DDD00004 /* Views */ = {
			isa = PBXGroup;
			children = (
				D87736112F8ECC6B00392A0B /* ClickDetector.swift */,
				BBB00018 /* TagChip.swift */,
				BBB00012 /* StatusBarController.swift */,
				BBB00016 /* SettingsView.swift */,
				BBB00020 /* PasteButton.swift */,
				057CFEFE02DEF71DB609847F /* History */,
				EC16B1E7E46539DF3A1F49B5 /* Permissions */,
				6C8494E1F86493C81A7D4CDD /* Settings */,
				07AB1749BCA1B0C04DE95865 /* Theme */,
			);
			path = Views;
			sourceTree = "<group>";
		};
		DDD00005 /* Products */ = {
			isa = PBXGroup;
			children = (
				BBB00000 /* Klip.app */,
				EB5F7ACF8D07ACEDB0B7217E /* BufferTests.xctest */,
			);
			name = Products;
			sourceTree = "<group>";
		};
		057CFEFE02DEF71DB609847F /* History */ = {
			isa = PBXGroup;
			children = (
				B61B1E7C479B6DA86B9D6310 /* ActionBar.swift */,
				9DCC49EC6A8928F3B9BAE61D /* ArraySafe.swift */,
				66F388D7073590FC59A2AFFC /* ChunkedTextState.swift */,
				A125C63F0EE1DD9B68658CA7 /* ClipList.swift */,
				56985192746D3C34220D141B /* ClipRow.swift */,
				23AC69300EFA8AEF469CC755 /* ColorSwatchParser.swift */,
				7A8B808B5F3A185604534119 /* FilterChipBar.swift */,
				0FB95E90FBFA0C23B311D6E3 /* FilterState.swift */,
				27B324691D6540E76D3A274A /* FolderPrompts.swift */,
				91F00F3567BEF455D3F17186 /* GlobalKeyMonitor.swift */,
				EE4BAB42007A999F9E6BBC98 /* HistoryContentView.swift */,
				1746B17D3321897BA177C8A2 /* HistoryPanel.swift */,
				C3D7F7025DE46A2453978DD9 /* HistoryViewModel.swift */,
				CC7C15E94AF4BEDCA95109EA /* HistoryWindowController.swift */,
				B779C03E5739D19445887BF3 /* ItemKindDisplay.swift */,
				0381F350E4CADF3713B37AA8 /* MultiSelectionSummary.swift */,
				8CA05056818E98067EE17BD6 /* Notifications.swift */,
				F27EF431893544A75BDF61AF /* PanelResizer.swift */,
				4493F408DE06075CE9D03589 /* PreviewPane.swift */,
				65860DDF5D17EB32049B930B /* PromptCard.swift */,
				136612209859DBE08D6BE459 /* RelativeTimestampView.swift */,
				D02160D1EECC3BB99DED3DE4 /* RowContextMenu.swift */,
				669EFBB0D310AC04BE870A40 /* SearchBar.swift */,
				1E44FC6EF08FD7B5E2F47076 /* Sidebar.swift */,
				0D0BE7C989A1A47C15D9F9C5 /* TagAutocompleteBar.swift */,
				74DCD0172BE1E2BDB3D5651C /* TagSection.swift */,
				471DA497C864DED66B8F565A /* HistoryViewModel+Lock.swift */,
				FCE0254BB77CF0DA7EBA6DB8 /* Toast.swift */,
				53A61AB0062A12773CCEBA63 /* DragDrop.swift */,
				57362FA3827E0B51C917DCC8 /* FilePreview.swift */,
				1483F6B905BDDB7A85B066AA /* HistoryViewModel+Files.swift */,
				47A10955400EBE5FEE3C4CB9 /* HistoryViewModel+Folders.swift */,
				06B8D3DFF6742AF6DD334273 /* HistoryViewModel+Shortcuts.swift */,
				EC3A99ECEC67DA2B442C6562 /* HistoryViewModel+Paste.swift */,
			);
			path = History;
			sourceTree = "<group>";
		};
		EC16B1E7E46539DF3A1F49B5 /* Permissions */ = {
			isa = PBXGroup;
			children = (
				17C2DEC3F7E8C51E7844FB93 /* AccessibilityToast.swift */,
				7165FA98C6095427C86BCCB4 /* OnboardingView.swift */,
				78628BD2A5E5401F0AF9E48C /* PermissionsView.swift */,
			);
			path = Permissions;
			sourceTree = "<group>";
		};
		6C8494E1F86493C81A7D4CDD /* Settings */ = {
			isa = PBXGroup;
			children = (
				444A289530F1E70F120E9315 /* HotkeyRecorder.swift */,
				35C6097CD82BD74B33E36315 /* ShortcutsTab.swift */,
			);
			path = Settings;
			sourceTree = "<group>";
		};
		07AB1749BCA1B0C04DE95865 /* Theme */ = {
			isa = PBXGroup;
			children = (
				11B3A05BF54CE9488FB6C6BD /* Appearance.swift */,
				016E8671183BC7BA521CEE7D /* FontScale.swift */,
				A5E51D3EFCFC3E830351CF97 /* Theme.swift */,
			);
			path = Theme;
			sourceTree = "<group>";
		};
/* End PBXGroup section */

/* Begin PBXNativeTarget section */
		C3919C9418D9BDEFE1B559A5 /* BufferTests */ = {
			isa = PBXNativeTarget;
			buildConfigurationList = DC4E627FBEC5DAB26D856412 /* Build configuration list for PBXNativeTarget "BufferTests" */;
			buildPhases = (
				01448E7275C8A06E71D298A0 /* Sources */,
				C38C749DFF6F5D25F117BC95 /* Frameworks */,
				F94F4C68FA69548E1260DA5E /* Resources */,
			);
			buildRules = (
			);
			dependencies = (
				6E964EE745AAD8ECDAA95862 /* PBXTargetDependency */,
			);
			name = BufferTests;
			productName = BufferTests;
			productReference = EB5F7ACF8D07ACEDB0B7217E /* BufferTests.xctest */;
			productType = "com.apple.product-type.bundle.unit-test";
		};
		EEE00001 /* Buffer */ = {
			isa = PBXNativeTarget;
			buildConfigurationList = FFF00003 /* Build configuration list for PBXNativeTarget "Buffer" */;
			buildPhases = (
				EEE00002 /* Sources */,
				CCC00001 /* Frameworks */,
				EEE00003 /* Resources */,
			);
			buildRules = (
			);
			dependencies = (
			);
			name = Buffer;
			productName = Buffer;
			productReference = BBB00000 /* Klip.app */;
			productType = "com.apple.product-type.application";
		};
/* End PBXNativeTarget section */

/* Begin PBXProject section */
		GGG00001 /* Project object */ = {
			isa = PBXProject;
			attributes = {
				BuildIndependentTargetsInParallel = 1;
				LastSwiftUpdateCheck = 1500;
				LastUpgradeCheck = 1500;
				TargetAttributes = {
					EEE00001 = {
						CreatedOnToolsVersion = 15.0;
					};
				};
			};
			buildConfigurationList = FFF00001 /* Build configuration list for PBXProject "Buffer" */;
			compatibilityVersion = "Xcode 14.0";
			developmentRegion = en;
			hasScannedForEncodings = 0;
			knownRegions = (
				en,
				Base,
			);
			mainGroup = DDD00000;
			productRefGroup = DDD00005 /* Products */;
			projectDirPath = "";
			projectRoot = "";
			targets = (
				EEE00001 /* Buffer */,
				C3919C9418D9BDEFE1B559A5 /* BufferTests */,
			);
		};
/* End PBXProject section */

/* Begin PBXResourcesBuildPhase section */
		EEE00003 /* Resources */ = {
			isa = PBXResourcesBuildPhase;
			buildActionMask = 2147483647;
			files = (
			);
			runOnlyForDeploymentPostprocessing = 0;
		};
		F94F4C68FA69548E1260DA5E /* Resources */ = {
			isa = PBXResourcesBuildPhase;
			buildActionMask = 2147483647;
			files = (
			);
			runOnlyForDeploymentPostprocessing = 0;
		};
/* End PBXResourcesBuildPhase section */

/* Begin PBXSourcesBuildPhase section */
		01448E7275C8A06E71D298A0 /* Sources */ = {
			isa = PBXSourcesBuildPhase;
			buildActionMask = 2147483647;
			files = (
				A59751F2C0DC2F523BDCF5B6 /* ClipboardItemTests.swift in Sources */,
			);
			runOnlyForDeploymentPostprocessing = 0;
		};
		EEE00002 /* Sources */ = {
			isa = PBXSourcesBuildPhase;
			buildActionMask = 2147483647;
			files = (
				AAA00001 /* BufferApp.swift in Sources */,
				AAA00002 /* AppDelegate.swift in Sources */,
				AAA00003 /* ClipboardItem.swift in Sources */,
				AAA00004 /* ClipboardWatcher.swift in Sources */,
				AAA00005 /* ClipboardStore.swift in Sources */,
				AAA00006 /* HotkeyManager.swift in Sources */,
				AAA00007 /* PasteController.swift in Sources */,
				AAA00012 /* StatusBarController.swift in Sources */,
				AAA00013 /* SettingsManager.swift in Sources */,
				AAA00014 /* SettingsView.swift in Sources */,
				D87736122F8ECC6B00392A0B /* ClickDetector.swift in Sources */,
				AAA00015 /* OCRService.swift in Sources */,
				AAA00016 /* TagChip.swift in Sources */,
				AAA00017 /* UpdateService.swift in Sources */,
				AAA00020 /* PasteButton.swift in Sources */,
				8EE29C2012F92764D822C99F /* ContentKind.swift in Sources */,
				A9A742CF75BF4F580EA140C7 /* FileAttachment.swift in Sources */,
				C79B9B200101EC8BE6E365F2 /* Folder.swift in Sources */,
				F69CC315C73F078408DAC18A /* KeyBinding.swift in Sources */,
				FA521F3E022C01EA344140CE /* ContentDetector.swift in Sources */,
				5BB575A7C9FD3AE76CB2F571 /* PermissionsState.swift in Sources */,
				C35E33F2DB81C3F8DB58EEAF /* ShortcutManager.swift in Sources */,
				DC390E88E058A4F3A717F5D3 /* ActionBar.swift in Sources */,
				977598CEAFAC77ABEDAD3F62 /* ArraySafe.swift in Sources */,
				0B3515BB27D77CCE1B731FC5 /* ChunkedTextState.swift in Sources */,
				A5B7CEE96D78176B8062793F /* ClipList.swift in Sources */,
				BBFB1BB2CC9CCBAAE85EED18 /* ClipRow.swift in Sources */,
				474416E40FD23BAA4F54D104 /* ColorSwatchParser.swift in Sources */,
				690AAC07E2700A58F333FB2D /* FilterChipBar.swift in Sources */,
				1BDF36426E6BDB68D03D02B2 /* FilterState.swift in Sources */,
				1A993D6B6840252D8B940041 /* FolderPrompts.swift in Sources */,
				26547B814E338082C5C40A79 /* GlobalKeyMonitor.swift in Sources */,
				E6DEC746D551C2CF2DFE27F8 /* HistoryContentView.swift in Sources */,
				9562C89B927C35DA7085A49B /* HistoryPanel.swift in Sources */,
				D33FA53094D9B00187C5F77F /* HistoryViewModel.swift in Sources */,
				F25D6C9BF2F8A2C90DA84C24 /* HistoryWindowController.swift in Sources */,
				7182F18F71F88D0DD03891E4 /* ItemKindDisplay.swift in Sources */,
				83AF974D6CC5FDDE70EED848 /* MultiSelectionSummary.swift in Sources */,
				BB1E95D1B072691AD4008B6B /* Notifications.swift in Sources */,
				B4E4617D8F2515532C878E30 /* PanelResizer.swift in Sources */,
				FCBDD7EFEB494F6DD1297B9D /* PreviewPane.swift in Sources */,
				2EC336BDF2DF8BF833FD73BC /* PromptCard.swift in Sources */,
				5C60F07C55D0C52890E6BFB8 /* RelativeTimestampView.swift in Sources */,
				768435DEFFD63F42B4265B1C /* RowContextMenu.swift in Sources */,
				8278944998C1068E2E82FCA9 /* SearchBar.swift in Sources */,
				C3C2EFDEF2B7091B8292F971 /* Sidebar.swift in Sources */,
				0D4FFB1F257880999E4D20C2 /* TagAutocompleteBar.swift in Sources */,
				433AB44EFB8232BEF286F2EC /* TagSection.swift in Sources */,
				EE69548FB5ED0AA9E5CC4DA9 /* AccessibilityToast.swift in Sources */,
				D235DC88EB826049050AEC25 /* OnboardingView.swift in Sources */,
				81F948D3C40C71F4566C709B /* PermissionsView.swift in Sources */,
				7E17F981685A32E345ED782E /* HotkeyRecorder.swift in Sources */,
				0C09456DF44C2976DB67B301 /* ShortcutsTab.swift in Sources */,
				A0BB00AE35E548041987F22D /* Appearance.swift in Sources */,
				231581D50C2A6761D3039DC6 /* FontScale.swift in Sources */,
				C443DDE631D13C58313E2F00 /* Theme.swift in Sources */,
				28979D2569F6C82BEDE0C12A /* HistoryViewModel+Lock.swift in Sources */,
				D11B8D69FC483851BA98E0E7 /* Toast.swift in Sources */,
				884F26772F4BD7C60F380A33 /* DragDrop.swift in Sources */,
				0895CB6C31F07891B1AA9270 /* FilePreview.swift in Sources */,
				B71FB4F3ED2547CD62F3BB9E /* HistoryViewModel+Files.swift in Sources */,
				30B8521EABF195DBA743E265 /* HistoryViewModel+Folders.swift in Sources */,
				5F4C640276CE69AF0918C862 /* HistoryViewModel+Shortcuts.swift in Sources */,
				F98CC5EA3333E08542C07B53 /* PasteboardFlavors.swift in Sources */,
				F46E13F8FD2BE823669ED78B /* HistoryViewModel+Paste.swift in Sources */,
			);
			runOnlyForDeploymentPostprocessing = 0;
		};
/* End PBXSourcesBuildPhase section */

/* Begin PBXTargetDependency section */
		6E964EE745AAD8ECDAA95862 /* PBXTargetDependency */ = {
			isa = PBXTargetDependency;
			name = Buffer;
			target = EEE00001 /* Buffer */;
			targetProxy = 63437C035E543E23E2D29727 /* PBXContainerItemProxy */;
		};
/* End PBXTargetDependency section */

/* Begin XCBuildConfiguration section */
		0D39C5320D118EB54B20C4D2 /* Release */ = {
			isa = XCBuildConfiguration;
			buildSettings = {
				BUNDLE_LOADER = "$(TEST_HOST)";
				CODE_SIGN_IDENTITY = "Apple Development";
				CODE_SIGN_STYLE = Automatic;
				GENERATE_INFOPLIST_FILE = YES;
				MACOSX_DEPLOYMENT_TARGET = 13.0;
				PRODUCT_BUNDLE_IDENTIFIER = com.fxreza.klipTests;
				PRODUCT_NAME = BufferTests;
				SDKROOT = macosx;
				SWIFT_VERSION = 5.0;
				TEST_HOST = "$(BUILT_PRODUCTS_DIR)/Klip.app/Contents/MacOS/Klip";
				SWIFT_DEFAULT_ACTOR_ISOLATION = MainActor;
			};
			name = Release;
		};
		C63DA15124DF42DFB7E6D9BF /* Debug */ = {
			isa = XCBuildConfiguration;
			buildSettings = {
				BUNDLE_LOADER = "$(TEST_HOST)";
				CODE_SIGN_IDENTITY = "Apple Development";
				CODE_SIGN_STYLE = Automatic;
				GENERATE_INFOPLIST_FILE = YES;
				MACOSX_DEPLOYMENT_TARGET = 13.0;
				PRODUCT_BUNDLE_IDENTIFIER = com.fxreza.klipTests;
				PRODUCT_NAME = BufferTests;
				SDKROOT = macosx;
				SWIFT_VERSION = 5.0;
				TEST_HOST = "$(BUILT_PRODUCTS_DIR)/Klip.app/Contents/MacOS/Klip";
				SWIFT_DEFAULT_ACTOR_ISOLATION = MainActor;
			};
			name = Debug;
		};
		FFF00002 /* Debug */ = {
			isa = XCBuildConfiguration;
			buildSettings = {
				ALWAYS_SEARCH_USER_PATHS = NO;
				ARCHS = (
					arm64,
					x86_64,
				);
				ASSETCATALOG_COMPILER_GENERATE_SWIFT_ASSET_SYMBOL_EXTENSIONS = YES;
				CLANG_ANALYZER_NONNULL = YES;
				CLANG_ANALYZER_NUMBER_OBJECT_CONVERSION = YES_AGGRESSIVE;
				CLANG_CXX_LANGUAGE_STANDARD = "gnu++20";
				CLANG_ENABLE_MODULES = YES;
				CLANG_ENABLE_OBJC_ARC = YES;
				CLANG_ENABLE_OBJC_WEAK = YES;
				CLANG_WARN_BLOCK_CAPTURE_AUTORELEASING = YES;
				CLANG_WARN_BOOL_CONVERSION = YES;
				CLANG_WARN_COMMA = YES;
				CLANG_WARN_CONSTANT_CONVERSION = YES;
				CLANG_WARN_DEPRECATED_OBJC_IMPLEMENTATIONS = YES;
				CLANG_WARN_DIRECT_OBJC_ISA_USAGE = YES_ERROR;
				CLANG_WARN_DOCUMENTATION_COMMENTS = YES;
				CLANG_WARN_EMPTY_BODY = YES;
				CLANG_WARN_ENUM_CONVERSION = YES;
				CLANG_WARN_INFINITE_RECURSION = YES;
				CLANG_WARN_INT_CONVERSION = YES;
				CLANG_WARN_NON_LITERAL_NULL_CONVERSION = YES;
				CLANG_WARN_OBJC_IMPLICIT_RETAIN_SELF = YES;
				CLANG_WARN_OBJC_LITERAL_CONVERSION = YES;
				CLANG_WARN_OBJC_ROOT_CLASS = YES_ERROR;
				CLANG_WARN_QUOTED_INCLUDE_IN_FRAMEWORK_HEADER = YES;
				CLANG_WARN_RANGE_LOOP_ANALYSIS = YES;
				CLANG_WARN_STRICT_PROTOTYPES = YES;
				CLANG_WARN_SUSPICIOUS_MOVE = YES;
				CLANG_WARN_UNGUARDED_AVAILABILITY = YES_AGGRESSIVE;
				CLANG_WARN_UNREACHABLE_CODE = YES;
				CLANG_WARN__DUPLICATE_METHOD_MATCH = YES;
				COPY_PHASE_STRIP = NO;
				DEBUG_INFORMATION_FORMAT = dwarf;
				ENABLE_STRICT_OBJC_MSGSEND = YES;
				ENABLE_TESTABILITY = YES;
				ENABLE_USER_SCRIPT_SANDBOXING = YES;
				GCC_C_LANGUAGE_STANDARD = gnu17;
				GCC_DYNAMIC_NO_PIC = NO;
				GCC_NO_COMMON_BLOCKS = YES;
				GCC_OPTIMIZATION_LEVEL = 0;
				GCC_PREPROCESSOR_DEFINITIONS = (
					"DEBUG=1",
					"$(inherited)",
				);
				GCC_WARN_64_TO_32_BIT_CONVERSION = YES;
				GCC_WARN_ABOUT_RETURN_TYPE = YES_ERROR;
				GCC_WARN_UNDECLARED_SELECTOR = YES;
				GCC_WARN_UNINITIALIZED_AUTOS = YES_AGGRESSIVE;
				GCC_WARN_UNUSED_FUNCTION = YES;
				GCC_WARN_UNUSED_VARIABLE = YES;
				MACOSX_DEPLOYMENT_TARGET = 13.0;
				MTL_ENABLE_DEBUG_INFO = INCLUDE_SOURCE;
				MTL_FAST_MATH = YES;
				ONLY_ACTIVE_ARCH = NO;
				SDKROOT = macosx;
				SWIFT_ACTIVE_COMPILATION_CONDITIONS = "DEBUG $(inherited)";
				SWIFT_OPTIMIZATION_LEVEL = "-Onone";
			};
			name = Debug;
		};
		FFF00004 /* Release */ = {
			isa = XCBuildConfiguration;
			buildSettings = {
				ALWAYS_SEARCH_USER_PATHS = NO;
				ARCHS = (
					arm64,
					x86_64,
				);
				ASSETCATALOG_COMPILER_GENERATE_SWIFT_ASSET_SYMBOL_EXTENSIONS = YES;
				CLANG_ANALYZER_NONNULL = YES;
				CLANG_ANALYZER_NUMBER_OBJECT_CONVERSION = YES_AGGRESSIVE;
				CLANG_CXX_LANGUAGE_STANDARD = "gnu++20";
				CLANG_ENABLE_MODULES = YES;
				CLANG_ENABLE_OBJC_ARC = YES;
				CLANG_ENABLE_OBJC_WEAK = YES;
				CLANG_WARN_BLOCK_CAPTURE_AUTORELEASING = YES;
				CLANG_WARN_BOOL_CONVERSION = YES;
				CLANG_WARN_COMMA = YES;
				CLANG_WARN_CONSTANT_CONVERSION = YES;
				CLANG_WARN_DEPRECATED_OBJC_IMPLEMENTATIONS = YES;
				CLANG_WARN_DIRECT_OBJC_ISA_USAGE = YES_ERROR;
				CLANG_WARN_DOCUMENTATION_COMMENTS = YES;
				CLANG_WARN_EMPTY_BODY = YES;
				CLANG_WARN_ENUM_CONVERSION = YES;
				CLANG_WARN_INFINITE_RECURSION = YES;
				CLANG_WARN_INT_CONVERSION = YES;
				CLANG_WARN_NON_LITERAL_NULL_CONVERSION = YES;
				CLANG_WARN_OBJC_IMPLICIT_RETAIN_SELF = YES;
				CLANG_WARN_OBJC_LITERAL_CONVERSION = YES;
				CLANG_WARN_OBJC_ROOT_CLASS = YES_ERROR;
				CLANG_WARN_QUOTED_INCLUDE_IN_FRAMEWORK_HEADER = YES;
				CLANG_WARN_RANGE_LOOP_ANALYSIS = YES;
				CLANG_WARN_STRICT_PROTOTYPES = YES;
				CLANG_WARN_SUSPICIOUS_MOVE = YES;
				CLANG_WARN_UNGUARDED_AVAILABILITY = YES_AGGRESSIVE;
				CLANG_WARN_UNREACHABLE_CODE = YES;
				CLANG_WARN__DUPLICATE_METHOD_MATCH = YES;
				COPY_PHASE_STRIP = NO;
				DEBUG_INFORMATION_FORMAT = "dwarf-with-dsym";
				ENABLE_NS_ASSERTIONS = NO;
				ENABLE_STRICT_OBJC_MSGSEND = YES;
				ENABLE_USER_SCRIPT_SANDBOXING = YES;
				GCC_C_LANGUAGE_STANDARD = gnu17;
				GCC_NO_COMMON_BLOCKS = YES;
				GCC_WARN_64_TO_32_BIT_CONVERSION = YES;
				GCC_WARN_ABOUT_RETURN_TYPE = YES_ERROR;
				GCC_WARN_UNDECLARED_SELECTOR = YES;
				GCC_WARN_UNINITIALIZED_AUTOS = YES_AGGRESSIVE;
				GCC_WARN_UNUSED_FUNCTION = YES;
				GCC_WARN_UNUSED_VARIABLE = YES;
				MACOSX_DEPLOYMENT_TARGET = 13.0;
				MTL_ENABLE_DEBUG_INFO = NO;
				MTL_FAST_MATH = YES;
				ONLY_ACTIVE_ARCH = NO;
				SDKROOT = macosx;
				SWIFT_COMPILATION_MODE = wholemodule;
			};
			name = Release;
		};
		FFF00005 /* Debug */ = {
			isa = XCBuildConfiguration;
			buildSettings = {
				ASSETCATALOG_COMPILER_INCLUDE_ALL_APPICON_ASSETS = NO;
				AUTOMATION_APPLE_EVENTS = NO;
				CODE_SIGN_ENTITLEMENTS = Klip.entitlements;
				"CODE_SIGN_IDENTITY[sdk=macosx*]" = "Apple Development";
				CODE_SIGN_STYLE = Automatic;
				COMBINE_HIDPI_IMAGES = YES;
				CURRENT_PROJECT_VERSION = 1;
				ENABLE_HARDENED_RUNTIME = YES;
				ENABLE_RESOURCE_ACCESS_AUDIO_INPUT = NO;
				ENABLE_RESOURCE_ACCESS_CALENDARS = NO;
				ENABLE_RESOURCE_ACCESS_CAMERA = NO;
				ENABLE_RESOURCE_ACCESS_CONTACTS = NO;
				ENABLE_RESOURCE_ACCESS_LOCATION = NO;
				ENABLE_RESOURCE_ACCESS_PHOTO_LIBRARY = NO;
				GENERATE_INFOPLIST_FILE = NO;
				INFOPLIST_FILE = Info.plist;
				INFOPLIST_KEY_CFBundleDisplayName = Klip;
				INFOPLIST_KEY_LSApplicationCategoryType = "public.app-category.productivity";
				INFOPLIST_KEY_NSHumanReadableCopyright = "";
				LD_RUNPATH_SEARCH_PATHS = (
					"$(inherited)",
					"@executable_path/../Frameworks",
				);
				MARKETING_VERSION = 1.0;
				PRODUCT_BUNDLE_IDENTIFIER = com.fxreza.klip;
				PRODUCT_NAME = Klip;
				RUNTIME_EXCEPTION_ALLOW_DYLD_ENVIRONMENT_VARIABLES = YES;
				RUNTIME_EXCEPTION_ALLOW_JIT = NO;
				RUNTIME_EXCEPTION_ALLOW_UNSIGNED_EXECUTABLE_MEMORY = YES;
				RUNTIME_EXCEPTION_DEBUGGING_TOOL = NO;
				RUNTIME_EXCEPTION_DISABLE_EXECUTABLE_PAGE_PROTECTION = NO;
				RUNTIME_EXCEPTION_DISABLE_LIBRARY_VALIDATION = NO;
				SWIFT_EMIT_LOC_STRINGS = YES;
				SWIFT_VERSION = 5.0;
				SWIFT_DEFAULT_ACTOR_ISOLATION = MainActor;
			};
			name = Debug;
		};
		FFF00006 /* Release */ = {
			isa = XCBuildConfiguration;
			buildSettings = {
				ASSETCATALOG_COMPILER_INCLUDE_ALL_APPICON_ASSETS = NO;
				AUTOMATION_APPLE_EVENTS = NO;
				CODE_SIGN_ENTITLEMENTS = Klip.entitlements;
				"CODE_SIGN_IDENTITY[sdk=macosx*]" = "Apple Development";
				CODE_SIGN_STYLE = Automatic;
				COMBINE_HIDPI_IMAGES = YES;
				CURRENT_PROJECT_VERSION = 1;
				ENABLE_HARDENED_RUNTIME = YES;
				ENABLE_RESOURCE_ACCESS_AUDIO_INPUT = NO;
				ENABLE_RESOURCE_ACCESS_CALENDARS = NO;
				ENABLE_RESOURCE_ACCESS_CAMERA = NO;
				ENABLE_RESOURCE_ACCESS_CONTACTS = NO;
				ENABLE_RESOURCE_ACCESS_LOCATION = NO;
				ENABLE_RESOURCE_ACCESS_PHOTO_LIBRARY = NO;
				GENERATE_INFOPLIST_FILE = NO;
				INFOPLIST_FILE = Info.plist;
				INFOPLIST_KEY_CFBundleDisplayName = Klip;
				INFOPLIST_KEY_LSApplicationCategoryType = "public.app-category.productivity";
				INFOPLIST_KEY_NSHumanReadableCopyright = "";
				LD_RUNPATH_SEARCH_PATHS = (
					"$(inherited)",
					"@executable_path/../Frameworks",
				);
				MARKETING_VERSION = 1.0;
				PRODUCT_BUNDLE_IDENTIFIER = com.fxreza.klip;
				PRODUCT_NAME = Klip;
				RUNTIME_EXCEPTION_ALLOW_DYLD_ENVIRONMENT_VARIABLES = YES;
				RUNTIME_EXCEPTION_ALLOW_JIT = NO;
				RUNTIME_EXCEPTION_ALLOW_UNSIGNED_EXECUTABLE_MEMORY = YES;
				RUNTIME_EXCEPTION_DEBUGGING_TOOL = NO;
				RUNTIME_EXCEPTION_DISABLE_EXECUTABLE_PAGE_PROTECTION = NO;
				RUNTIME_EXCEPTION_DISABLE_LIBRARY_VALIDATION = NO;
				SWIFT_EMIT_LOC_STRINGS = YES;
				SWIFT_VERSION = 5.0;
				SWIFT_DEFAULT_ACTOR_ISOLATION = MainActor;
			};
			name = Release;
		};
/* End XCBuildConfiguration section */

/* Begin XCConfigurationList section */
		DC4E627FBEC5DAB26D856412 /* Build configuration list for PBXNativeTarget "BufferTests" */ = {
			isa = XCConfigurationList;
			buildConfigurations = (
				0D39C5320D118EB54B20C4D2 /* Release */,
				C63DA15124DF42DFB7E6D9BF /* Debug */,
			);
			defaultConfigurationIsVisible = 0;
			defaultConfigurationName = Release;
		};
		FFF00001 /* Build configuration list for PBXProject "Buffer" */ = {
			isa = XCConfigurationList;
			buildConfigurations = (
				FFF00002 /* Debug */,
				FFF00004 /* Release */,
			);
			defaultConfigurationIsVisible = 0;
			defaultConfigurationName = Release;
		};
		FFF00003 /* Build configuration list for PBXNativeTarget "Buffer" */ = {
			isa = XCConfigurationList;
			buildConfigurations = (
				FFF00005 /* Debug */,
				FFF00006 /* Release */,
			);
			defaultConfigurationIsVisible = 0;
			defaultConfigurationName = Release;
		};
/* End XCConfigurationList section */
	};
	rootObject = GGG00001 /* Project object */;
}
